
Microsoft Visual Studio Solution File, Format Version 12.00
# Visual Studio Version 16
VisualStudioVersion = 16.0.31829.152
MinimumVisualStudioVersion = 10.0.40219.1
Project("{9A19103F-16F7-4668-BE54-9A1E7A4F7556}") = "PasswordManagerAPI", "PasswordManagerAPI\PasswordManagerAPI.csproj", "{64F559E0-B6F2-444D-90D8-A2CE241C83C5}"
EndProject
Project("{9A19103F-16F7-4668-BE54-9A1E7A4F7556}") = "PasswordClassLibrary", "PasswordClassLibrary\PasswordClassLibrary.csproj", "{B1634935-B4F1-4D83-B3BC-BEB9C7CD0109}"
EndProject
Project("{9A19103F-16F7-4668-BE54-9A1E7A4F7556}") = "PasswordManagerAPI.Tests", "PasswordManagerAPI.Tests\PasswordManagerAPI.Tests.csproj", "{F3B2C0CD-6D0C-4E48-B38C-3D45C4926550}"
EndProject
Project("{FAE04EC0-301F-11D3-BF4B-00C04F79EFBC}") = "PasswordClassLibrary.Tests", "PasswordClassLibrary.Tests\PasswordClassLibrary.Tests.csproj", "{C3E53AD8-724E-4718-A13A-4239F5B0BFEC}"
EndProject
Global
	GlobalSection(SolutionConfigurationPlatforms) = preSolution
		Debug|Any CPU = Debug|Any CPU
		Release|Any CPU = Release|Any CPU
	EndGlobalSection
	GlobalSection(ProjectConfigurationPlatforms) = postSolution
		{64F559E0-B6F2-444D-90D8-A2CE241C83C5}.Debug|Any CPU.ActiveCfg = Debug|Any CPU
		{64F559E0-B6F2-444D-90D8-A2CE241C83C5}.Debug|Any CPU.Build.0 = Debug|Any CPU
		{64F559E0-B6F2-444D-90D8-A2CE241C83C5}.Release|Any CPU.ActiveCfg = Release|Any CPU
		{64F559E0-B6F2-444D-90D8-A2CE241C83C5}.Release|Any CPU.Build.0 = Release|Any CPU
		{B1634935-B4F1-4D83-B3BC-BEB9C7CD0109}.Debug|Any CPU.ActiveCfg = Debug|Any CPU
		{B1634935-B4F1-4D83-B3BC-BEB9C7CD0109}.Debug|Any CPU.Build.0 = Debug|Any CPU
		{B1634935-B4F1-4D83-B3BC-BEB9C7CD0109}.Release|Any CPU.ActiveCfg = Release|Any CPU
		{B1634935-B4F1-4D83-B3BC-BEB9C7CD0109}.Release|Any CPU.Build.0 = Release|Any CPU
		{F3B2C0CD-6D0C-4E48-B38C-3D45C4926550}.Debug|Any CPU.ActiveCfg = Debug|Any CPU
		{F3B2C0CD-6D0C-4E48-B38C-3D45C4926550}.Debug|Any CPU.Build.0 = Debug|Any CPU
		{F3B2C0CD-6D0C-4E48-B38C-3D45C4926550}.Release|Any CPU.ActiveCfg = Release|Any CPU
		{F3B2C0CD-6D0C-4E48-B38C-3D45C4926550}.Release|Any CPU.Build.0 = Release|Any CPU
		{C3E53AD8-724E-4718-A13A-4239F5B0BFEC}.Debug|Any CPU.ActiveCfg = Debug|Any CPU
		{C3E53AD8-724E-4718-A13A-4239F5B0BFEC}.Debug|Any CPU.Build.0 = Debug|Any CPU
		{C3E53AD8-724E-4718-A13A-4239F5B0BFEC}.Release|Any CPU.ActiveCfg = Release|Any CPU
		{C3E53AD8-724E-4718-A13A-4239F5B0BFEC}.Release|Any CPU.Build.0 = Release|Any CPU
	EndGlobalSection
	GlobalSection(SolutionProperties) = preSolution
		HideSolutionNode = FALSE
	EndGlobalSection
	GlobalSection(ExtensibilityGlobals) = postSolution
		SolutionGuid = {92434D30-04BE-469D-A5C1-C44EF9C65D24}
	EndGlobalSection
EndGlobal
